
Microsoft Visual Studio Solution File, Format Version 12.00
# Visual Studio Version 16
VisualStudioVersion = 16.0.30104.148
MinimumVisualStudioVersion = 15.0.26124.0
Project("{2150E333-8FDC-42A3-9474-1A3956D46DE8}") = "src", "src", "{97756BA5-1E7C-4536-A49E-AE2190C0E6A5}"
EndProject
Project("{9A19103F-16F7-4668-BE54-9A1E7A4F7556}") = "DotXxlJob.Core", "src\DotXxlJob.Core\DotXxlJob.Core.csproj", "{FFFEEA78-CB09-4BFB-89B7-E9A46EC3ED65}"
EndProject
Project("{2150E333-8FDC-42A3-9474-1A3956D46DE8}") = "tests", "tests", "{352EC932-F112-4A2F-9DC3-F0761C85E068}"
EndProject
Project("{2150E333-8FDC-42A3-9474-1A3956D46DE8}") = "samples", "samples", "{E959F9B5-F3EB-48B1-B842-2CDDFDB01900}"
EndProject
Project("{9A19103F-16F7-4668-BE54-9A1E7A4F7556}") = "ASPNetCoreExecutor", "samples\ASPNetCoreExecutor\ASPNetCoreExecutor.csproj", "{DC9E5AF3-18FF-4713-BDB4-672E47ADA4E5}"
EndProject
Project("{9A19103F-16F7-4668-BE54-9A1E7A4F7556}") = "DotXxlJob.Core.Tests", "tests\DotXxlJob.Core.Tests\DotXxlJob.Core.Tests.csproj", "{81C60471-7C1C-48CE-98C0-F252C267AC9F}"
EndProject
Global
	GlobalSection(SolutionConfigurationPlatforms) = preSolution
		Debug|Any CPU = Debug|Any CPU
		Debug|x64 = Debug|x64
		Debug|x86 = Debug|x86
		Release|Any CPU = Release|Any CPU
		Release|x64 = Release|x64
		Release|x86 = Release|x86
	EndGlobalSection
	GlobalSection(ProjectConfigurationPlatforms) = postSolution
		{FFFEEA78-CB09-4BFB-89B7-E9A46EC3ED65}.Debug|Any CPU.ActiveCfg = Debug|Any CPU
		{FFFEEA78-CB09-4BFB-89B7-E9A46EC3ED65}.Debug|Any CPU.Build.0 = Debug|Any CPU
		{FFFEEA78-CB09-4BFB-89B7-E9A46EC3ED65}.Debug|x64.ActiveCfg = Debug|Any CPU
		{FFFEEA78-CB09-4BFB-89B7-E9A46EC3ED65}.Debug|x64.Build.0 = Debug|Any CPU
		{FFFEEA78-CB09-4BFB-89B7-E9A46EC3ED65}.Debug|x86.ActiveCfg = Debug|Any CPU
		{FFFEEA78-CB09-4BFB-89B7-E9A46EC3ED65}.Debug|x86.Build.0 = Debug|Any CPU
		{FFFEEA78-CB09-4BFB-89B7-E9A46EC3ED65}.Release|Any CPU.ActiveCfg = Release|Any CPU
		{FFFEEA78-CB09-4BFB-89B7-E9A46EC3ED65}.Release|Any CPU.Build.0 = Release|Any CPU
		{FFFEEA78-CB09-4BFB-89B7-E9A46EC3ED65}.Release|x64.ActiveCfg = Release|Any CPU
		{FFFEEA78-CB09-4BFB-89B7-E9A46EC3ED65}.Release|x64.Build.0 = Release|Any CPU
		{FFFEEA78-CB09-4BFB-89B7-E9A46EC3ED65}.Release|x86.ActiveCfg = Release|Any CPU
		{FFFEEA78-CB09-4BFB-89B7-E9A46EC3ED65}.Release|x86.Build.0 = Release|Any CPU
		{DC9E5AF3-18FF-4713-BDB4-672E47ADA4E5}.Debug|Any CPU.ActiveCfg = Debug|Any CPU
		{DC9E5AF3-18FF-4713-BDB4-672E47ADA4E5}.Debug|Any CPU.Build.0 = Debug|Any CPU
		{DC9E5AF3-18FF-4713-BDB4-672E47ADA4E5}.Debug|x64.ActiveCfg = Debug|Any CPU
		{DC9E5AF3-18FF-4713-BDB4-672E47ADA4E5}.Debug|x64.Build.0 = Debug|Any CPU
		{DC9E5AF3-18FF-4713-BDB4-672E47ADA4E5}.Debug|x86.ActiveCfg = Debug|Any CPU
		{DC9E5AF3-18FF-4713-BDB4-672E47ADA4E5}.Debug|x86.Build.0 = Debug|Any CPU
		{DC9E5AF3-18FF-4713-BDB4-672E47ADA4E5}.Release|Any CPU.ActiveCfg = Release|Any CPU
		{DC9E5AF3-18FF-4713-BDB4-672E47ADA4E5}.Release|Any CPU.Build.0 = Release|Any CPU
		{DC9E5AF3-18FF-4713-BDB4-672E47ADA4E5}.Release|x64.ActiveCfg = Release|Any CPU
		{DC9E5AF3-18FF-4713-BDB4-672E47ADA4E5}.Release|x64.Build.0 = Release|Any CPU
		{DC9E5AF3-18FF-4713-BDB4-672E47ADA4E5}.Release|x86.ActiveCfg = Release|Any CPU
		{DC9E5AF3-18FF-4713-BDB4-672E47ADA4E5}.Release|x86.Build.0 = Release|Any CPU
		{81C60471-7C1C-48CE-98C0-F252C267AC9F}.Debug|Any CPU.ActiveCfg = Debug|Any CPU
		{81C60471-7C1C-48CE-98C0-F252C267AC9F}.Debug|Any CPU.Build.0 = Debug|Any CPU
		{81C60471-7C1C-48CE-98C0-F252C267AC9F}.Debug|x64.ActiveCfg = Debug|Any CPU
		{81C60471-7C1C-48CE-98C0-F252C267AC9F}.Debug|x64.Build.0 = Debug|Any CPU
		{81C60471-7C1C-48CE-98C0-F252C267AC9F}.Debug|x86.ActiveCfg = Debug|Any CPU
		{81C60471-7C1C-48CE-98C0-F252C267AC9F}.Debug|x86.Build.0 = Debug|Any CPU
		{81C60471-7C1C-48CE-98C0-F252C267AC9F}.Release|Any CPU.ActiveCfg = Release|Any CPU
		{81C60471-7C1C-48CE-98C0-F252C267AC9F}.Release|Any CPU.Build.0 = Release|Any CPU
		{81C60471-7C1C-48CE-98C0-F252C267AC9F}.Release|x64.ActiveCfg = Release|Any CPU
		{81C60471-7C1C-48CE-98C0-F252C267AC9F}.Release|x64.Build.0 = Release|Any CPU
		{81C60471-7C1C-48CE-98C0-F252C267AC9F}.Release|x86.ActiveCfg = Release|Any CPU
		{81C60471-7C1C-48CE-98C0-F252C267AC9F}.Release|x86.Build.0 = Release|Any CPU
	EndGlobalSection
	GlobalSection(SolutionProperties) = preSolution
		HideSolutionNode = FALSE
	EndGlobalSection
	GlobalSection(NestedProjects) = preSolution
		{FFFEEA78-CB09-4BFB-89B7-E9A46EC3ED65} = {97756BA5-1E7C-4536-A49E-AE2190C0E6A5}
		{DC9E5AF3-18FF-4713-BDB4-672E47ADA4E5} = {E959F9B5-F3EB-48B1-B842-2CDDFDB01900}
		{81C60471-7C1C-48CE-98C0-F252C267AC9F} = {352EC932-F112-4A2F-9DC3-F0761C85E068}
	EndGlobalSection
	GlobalSection(ExtensibilityGlobals) = postSolution
		SolutionGuid = {F4A8B63E-6284-4D00-9719-BAB1D955DACF}
	EndGlobalSection
EndGlobal
