
Microsoft Visual Studio Solution File, Format Version 12.00
# Visual Studio Version 17
VisualStudioVersion = 17.12.35527.113
MinimumVisualStudioVersion = 15.0.26124.0
Project("{2150E333-8FDC-42A3-9474-1A3956D46DE8}") = "src", "src", "{97756BA5-1E7C-4536-A49E-AE2190C0E6A5}"
EndProject
Project("{2150E333-8FDC-42A3-9474-1A3956D46DE8}") = "tests", "tests", "{352EC932-F112-4A2F-9DC3-F0761C85E068}"
EndProject
Project("{2150E333-8FDC-42A3-9474-1A3956D46DE8}") = "samples", "samples", "{E959F9B5-F3EB-48B1-B842-2CDDFDB01900}"
EndProject
Project("{FAE04EC0-301F-11D3-BF4B-00C04F79EFBC}") = "AspNetCoreExecutor", "samples\AspNetCoreExecutor\AspNetCoreExecutor.csproj", "{942A8837-BBAB-4DC6-8ABB-4E3B7AD3EB4E}"
EndProject
Project("{FAE04EC0-301F-11D3-BF4B-00C04F79EFBC}") = "DotXxlJob.Core", "src\DotXxlJob.Core\DotXxlJob.Core.csproj", "{4584B4D5-0DA9-425F-A4C7-7A19A75D3E73}"
EndProject
Global
	GlobalSection(SolutionConfigurationPlatforms) = preSolution
		Debug|Any CPU = Debug|Any CPU
		Debug|x64 = Debug|x64
		Debug|x86 = Debug|x86
		Release|Any CPU = Release|Any CPU
		Release|x64 = Release|x64
		Release|x86 = Release|x86
	EndGlobalSection
	GlobalSection(ProjectConfigurationPlatforms) = postSolution
		{942A8837-BBAB-4DC6-8ABB-4E3B7AD3EB4E}.Debug|Any CPU.ActiveCfg = Debug|Any CPU
		{942A8837-BBAB-4DC6-8ABB-4E3B7AD3EB4E}.Debug|Any CPU.Build.0 = Debug|Any CPU
		{942A8837-BBAB-4DC6-8ABB-4E3B7AD3EB4E}.Debug|x64.ActiveCfg = Debug|Any CPU
		{942A8837-BBAB-4DC6-8ABB-4E3B7AD3EB4E}.Debug|x64.Build.0 = Debug|Any CPU
		{942A8837-BBAB-4DC6-8ABB-4E3B7AD3EB4E}.Debug|x86.ActiveCfg = Debug|Any CPU
		{942A8837-BBAB-4DC6-8ABB-4E3B7AD3EB4E}.Debug|x86.Build.0 = Debug|Any CPU
		{942A8837-BBAB-4DC6-8ABB-4E3B7AD3EB4E}.Release|Any CPU.ActiveCfg = Release|Any CPU
		{942A8837-BBAB-4DC6-8ABB-4E3B7AD3EB4E}.Release|Any CPU.Build.0 = Release|Any CPU
		{942A8837-BBAB-4DC6-8ABB-4E3B7AD3EB4E}.Release|x64.ActiveCfg = Release|Any CPU
		{942A8837-BBAB-4DC6-8ABB-4E3B7AD3EB4E}.Release|x64.Build.0 = Release|Any CPU
		{942A8837-BBAB-4DC6-8ABB-4E3B7AD3EB4E}.Release|x86.ActiveCfg = Release|Any CPU
		{942A8837-BBAB-4DC6-8ABB-4E3B7AD3EB4E}.Release|x86.Build.0 = Release|Any CPU
		{4584B4D5-0DA9-425F-A4C7-7A19A75D3E73}.Debug|Any CPU.ActiveCfg = Debug|Any CPU
		{4584B4D5-0DA9-425F-A4C7-7A19A75D3E73}.Debug|Any CPU.Build.0 = Debug|Any CPU
		{4584B4D5-0DA9-425F-A4C7-7A19A75D3E73}.Debug|x64.ActiveCfg = Debug|Any CPU
		{4584B4D5-0DA9-425F-A4C7-7A19A75D3E73}.Debug|x64.Build.0 = Debug|Any CPU
		{4584B4D5-0DA9-425F-A4C7-7A19A75D3E73}.Debug|x86.ActiveCfg = Debug|Any CPU
		{4584B4D5-0DA9-425F-A4C7-7A19A75D3E73}.Debug|x86.Build.0 = Debug|Any CPU
		{4584B4D5-0DA9-425F-A4C7-7A19A75D3E73}.Release|Any CPU.ActiveCfg = Release|Any CPU
		{4584B4D5-0DA9-425F-A4C7-7A19A75D3E73}.Release|Any CPU.Build.0 = Release|Any CPU
		{4584B4D5-0DA9-425F-A4C7-7A19A75D3E73}.Release|x64.ActiveCfg = Release|Any CPU
		{4584B4D5-0DA9-425F-A4C7-7A19A75D3E73}.Release|x64.Build.0 = Release|Any CPU
		{4584B4D5-0DA9-425F-A4C7-7A19A75D3E73}.Release|x86.ActiveCfg = Release|Any CPU
		{4584B4D5-0DA9-425F-A4C7-7A19A75D3E73}.Release|x86.Build.0 = Release|Any CPU
	EndGlobalSection
	GlobalSection(SolutionProperties) = preSolution
		HideSolutionNode = FALSE
	EndGlobalSection
	GlobalSection(NestedProjects) = preSolution
		{942A8837-BBAB-4DC6-8ABB-4E3B7AD3EB4E} = {E959F9B5-F3EB-48B1-B842-2CDDFDB01900}
		{4584B4D5-0DA9-425F-A4C7-7A19A75D3E73} = {97756BA5-1E7C-4536-A49E-AE2190C0E6A5}
	EndGlobalSection
	GlobalSection(ExtensibilityGlobals) = postSolution
		SolutionGuid = {F4A8B63E-6284-4D00-9719-BAB1D955DACF}
	EndGlobalSection
EndGlobal
